{
  "version": 4,
  "terraform_version": "1.2.8",
  "serial": 8,
  "lineage": "e1f93e50-3602-b2ad-5c8f-d4583949f622",
  "outputs": {},
  "resources": [
    {
      "mode": "managed",
      "type": "azurerm_resource_group",
      "name": "store_res_grp",
      "provider": "provider[\"registry.terraform.io/hashicorp/azurerm\"]",
      "instances": [
        {
          "schema_version": 0,
          "attributes": {
            "id": "/subscriptions/2426555f-aab3-4092-acd0-0a14fea0df56/resourceGroups/store-res-grp",
            "location": "eastus",
            "name": "store-res-grp",
            "tags": {},
            "timeouts": null
          },
          "sensitive_attributes": [],
          "private": "eyJlMmJmYjczMC1lY2FhLTExZTYtOGY4OC0zNDM2M2JjN2M0YzAiOnsiY3JlYXRlIjo1NDAwMDAwMDAwMDAwLCJkZWxldGUiOjU0MDAwMDAwMDAwMDAsInJlYWQiOjMwMDAwMDAwMDAwMCwidXBkYXRlIjo1NDAwMDAwMDAwMDAwfX0="
        }
      ]
    },
    {
      "mode": "managed",
      "type": "azurerm_storage_account",
      "name": "blob_store_account",
      "provider": "provider[\"registry.terraform.io/hashicorp/azurerm\"]",
      "instances": [
        {
          "schema_version": 3,
          "attributes": {
            "access_tier": "Hot",
            "account_kind": "StorageV2",
            "account_replication_type": "LRS",
            "account_tier": "Standard",
            "allow_nested_items_to_be_public": true,
            "azure_files_authentication": [],
            "blob_properties": [
              {
                "change_feed_enabled": false,
                "container_delete_retention_policy": [],
                "cors_rule": [],
                "default_service_version": "",
                "delete_retention_policy": [],
                "last_access_time_enabled": false,
                "versioning_enabled": false
              }
            ],
            "custom_domain": [],
            "customer_managed_key": [],
            "edge_zone": "",
            "enable_https_traffic_only": true,
            "id": "/subscriptions/2426555f-aab3-4092-acd0-0a14fea0df56/resourceGroups/store-res-grp/providers/Microsoft.Storage/storageAccounts/newblobstorterra01097",
            "identity": [],
            "infrastructure_encryption_enabled": false,
            "is_hns_enabled": false,
            "large_file_share_enabled": null,
            "location": "eastus",
            "min_tls_version": "TLS1_2",
            "name": "newblobstorterra01097",
            "network_rules": [
              {
                "bypass": [
                  "AzureServices"
                ],
                "default_action": "Allow",
                "ip_rules": [],
                "private_link_access": [],
                "virtual_network_subnet_ids": []
              }
            ],
            "nfsv3_enabled": false,
            "primary_access_key": "vbgsM7E0I8/+4bgeeM20RkUg49lnL+rSgxvCUCvyzdMB6IR4P9bDe7gHDBTkA+TSI5xszKIkt/W2+AStWrIMRg==",
            "primary_blob_connection_string": "DefaultEndpointsProtocol=https;BlobEndpoint=https://newblobstorterra01097.blob.core.windows.net/;AccountName=newblobstorterra01097;AccountKey=vbgsM7E0I8/+4bgeeM20RkUg49lnL+rSgxvCUCvyzdMB6IR4P9bDe7gHDBTkA+TSI5xszKIkt/W2+AStWrIMRg==",
            "primary_blob_endpoint": "https://newblobstorterra01097.blob.core.windows.net/",
            "primary_blob_host": "newblobstorterra01097.blob.core.windows.net",
            "primary_connection_string": "DefaultEndpointsProtocol=https;AccountName=newblobstorterra01097;AccountKey=vbgsM7E0I8/+4bgeeM20RkUg49lnL+rSgxvCUCvyzdMB6IR4P9bDe7gHDBTkA+TSI5xszKIkt/W2+AStWrIMRg==;EndpointSuffix=core.windows.net",
            "primary_dfs_endpoint": "https://newblobstorterra01097.dfs.core.windows.net/",
            "primary_dfs_host": "newblobstorterra01097.dfs.core.windows.net",
            "primary_file_endpoint": "https://newblobstorterra01097.file.core.windows.net/",
            "primary_file_host": "newblobstorterra01097.file.core.windows.net",
            "primary_location": "eastus",
            "primary_queue_endpoint": "https://newblobstorterra01097.queue.core.windows.net/",
            "primary_queue_host": "newblobstorterra01097.queue.core.windows.net",
            "primary_table_endpoint": "https://newblobstorterra01097.table.core.windows.net/",
            "primary_table_host": "newblobstorterra01097.table.core.windows.net",
            "primary_web_endpoint": "https://newblobstorterra01097.z13.web.core.windows.net/",
            "primary_web_host": "newblobstorterra01097.z13.web.core.windows.net",
            "queue_encryption_key_type": "Service",
            "queue_properties": [
              {
                "cors_rule": [],
                "hour_metrics": [
                  {
                    "enabled": true,
                    "include_apis": true,
                    "retention_policy_days": 7,
                    "version": "1.0"
                  }
                ],
                "logging": [
                  {
                    "delete": false,
                    "read": false,
                    "retention_policy_days": 0,
                    "version": "1.0",
                    "write": false
                  }
                ],
                "minute_metrics": [
                  {
                    "enabled": false,
                    "include_apis": false,
                    "retention_policy_days": 0,
                    "version": "1.0"
                  }
                ]
              }
            ],
            "resource_group_name": "store-res-grp",
            "routing": [],
            "secondary_access_key": "50ozIHaA3vjqFnSJ0FV8NA5RsVCvh1ro19hnTpyFNot8HW9mhlbUgj8YolLzQKomZED1X0Eqc2sR+AStQMybMA==",
            "secondary_blob_connection_string": "",
            "secondary_blob_endpoint": null,
            "secondary_blob_host": null,
            "secondary_connection_string": "DefaultEndpointsProtocol=https;AccountName=newblobstorterra01097;AccountKey=50ozIHaA3vjqFnSJ0FV8NA5RsVCvh1ro19hnTpyFNot8HW9mhlbUgj8YolLzQKomZED1X0Eqc2sR+AStQMybMA==;EndpointSuffix=core.windows.net",
            "secondary_dfs_endpoint": null,
            "secondary_dfs_host": null,
            "secondary_file_endpoint": null,
            "secondary_file_host": null,
            "secondary_location": "",
            "secondary_queue_endpoint": null,
            "secondary_queue_host": null,
            "secondary_table_endpoint": null,
            "secondary_table_host": null,
            "secondary_web_endpoint": null,
            "secondary_web_host": null,
            "share_properties": [
              {
                "cors_rule": [],
                "retention_policy": [
                  {
                    "days": 7
                  }
                ],
                "smb": []
              }
            ],
            "shared_access_key_enabled": true,
            "static_website": [],
            "table_encryption_key_type": "Service",
            "tags": null,
            "timeouts": null
          },
          "sensitive_attributes": [],
          "private": "eyJlMmJmYjczMC1lY2FhLTExZTYtOGY4OC0zNDM2M2JjN2M0YzAiOnsiY3JlYXRlIjozNjAwMDAwMDAwMDAwLCJkZWxldGUiOjM2MDAwMDAwMDAwMDAsInJlYWQiOjMwMDAwMDAwMDAwMCwidXBkYXRlIjozNjAwMDAwMDAwMDAwfSwic2NoZW1hX3ZlcnNpb24iOiIzIn0="
        }
      ]
    }
  ]
}
